
Microsoft Visual Studio Solution File, Format Version 12.00
Project("{2150E333-8FDC-42A3-9474-1A3956D46DE8}") = "src", "src", "{18863C29-6BB8-4BEB-B633-DDC1552BC190}"
EndProject
Project("{2150E333-8FDC-42A3-9474-1A3956D46DE8}") = "docs", "docs", "{1B4B8EAE-F22A-431D-8D7A-E5CCF0BA62B8}"
	ProjectSection(SolutionItems) = preProject
		docs\DB-Desgin-and-ReqRes.txt = docs\DB-Desgin-and-ReqRes.txt
		docs\GameInEvent_WorkFlow.txt = docs\GameInEvent_WorkFlow.txt
	EndProjectSection
EndProject
Project("{FAE04EC0-301F-11D3-BF4B-00C04F79EFBC}") = "AuthServer", "src\AuthServer\AuthServer.csproj", "{155AD6B0-9465-471D-93EB-4FD6D161F4D6}"
EndProject
Project("{2150E333-8FDC-42A3-9474-1A3956D46DE8}") = "BuildingBlocks", "BuildingBlocks", "{B94AB911-D495-41DA-944A-F9E6E9C93CC5}"
EndProject
Project("{FAE04EC0-301F-11D3-BF4B-00C04F79EFBC}") = "Shared", "src\BuildingBlocks\Shared\Shared.csproj", "{84C3B322-BB4F-430C-9329-C3DFD46AD507}"
EndProject
Project("{FAE04EC0-301F-11D3-BF4B-00C04F79EFBC}") = "ApiGateway", "src\ApiGateway\ApiGateway.csproj", "{2BF419E0-3741-4A5B-A68E-57541087C863}"
EndProject
Project("{FAE04EC0-301F-11D3-BF4B-00C04F79EFBC}") = "EventService", "src\EventService\EventService.csproj", "{78588743-0163-4E74-8340-839FB15A633C}"
EndProject
Project("{2150E333-8FDC-42A3-9474-1A3956D46DE8}") = "Configurations", "Configurations", "{8147F95C-CB08-4C27-A8C5-F3435866833B}"
	ProjectSection(SolutionItems) = preProject
		docker-compose.override.yml = docker-compose.override.yml
		docker-compose.yml = docker-compose.yml
		tye.yaml = tye.yaml
		tye-env = tye-env
		README.md = README.md
	EndProjectSection
EndProject
Project("{FAE04EC0-301F-11D3-BF4B-00C04F79EFBC}") = "GameService", "src\GameService\GameService.csproj", "{B891BB33-AECE-4C97-9DE5-426F45D30315}"
EndProject
Project("{FAE04EC0-301F-11D3-BF4B-00C04F79EFBC}") = "PaymentService", "src\PaymentService\PaymentService.csproj", "{F78ED0AE-9EF4-410B-83C8-0FA686D25460}"
EndProject
Global
	GlobalSection(SolutionConfigurationPlatforms) = preSolution
		Debug|Any CPU = Debug|Any CPU
		Release|Any CPU = Release|Any CPU
	EndGlobalSection
	GlobalSection(NestedProjects) = preSolution
		{155AD6B0-9465-471D-93EB-4FD6D161F4D6} = {18863C29-6BB8-4BEB-B633-DDC1552BC190}
		{B94AB911-D495-41DA-944A-F9E6E9C93CC5} = {18863C29-6BB8-4BEB-B633-DDC1552BC190}
		{84C3B322-BB4F-430C-9329-C3DFD46AD507} = {B94AB911-D495-41DA-944A-F9E6E9C93CC5}
		{2BF419E0-3741-4A5B-A68E-57541087C863} = {18863C29-6BB8-4BEB-B633-DDC1552BC190}
		{78588743-0163-4E74-8340-839FB15A633C} = {18863C29-6BB8-4BEB-B633-DDC1552BC190}
		{8147F95C-CB08-4C27-A8C5-F3435866833B} = {18863C29-6BB8-4BEB-B633-DDC1552BC190}
		{B891BB33-AECE-4C97-9DE5-426F45D30315} = {18863C29-6BB8-4BEB-B633-DDC1552BC190}
		{F78ED0AE-9EF4-410B-83C8-0FA686D25460} = {18863C29-6BB8-4BEB-B633-DDC1552BC190}
	EndGlobalSection
	GlobalSection(ProjectConfigurationPlatforms) = postSolution
		{155AD6B0-9465-471D-93EB-4FD6D161F4D6}.Debug|Any CPU.ActiveCfg = Debug|Any CPU
		{155AD6B0-9465-471D-93EB-4FD6D161F4D6}.Debug|Any CPU.Build.0 = Debug|Any CPU
		{155AD6B0-9465-471D-93EB-4FD6D161F4D6}.Release|Any CPU.ActiveCfg = Release|Any CPU
		{155AD6B0-9465-471D-93EB-4FD6D161F4D6}.Release|Any CPU.Build.0 = Release|Any CPU
		{84C3B322-BB4F-430C-9329-C3DFD46AD507}.Debug|Any CPU.ActiveCfg = Debug|Any CPU
		{84C3B322-BB4F-430C-9329-C3DFD46AD507}.Debug|Any CPU.Build.0 = Debug|Any CPU
		{84C3B322-BB4F-430C-9329-C3DFD46AD507}.Release|Any CPU.ActiveCfg = Release|Any CPU
		{84C3B322-BB4F-430C-9329-C3DFD46AD507}.Release|Any CPU.Build.0 = Release|Any CPU
		{2BF419E0-3741-4A5B-A68E-57541087C863}.Debug|Any CPU.ActiveCfg = Debug|Any CPU
		{2BF419E0-3741-4A5B-A68E-57541087C863}.Debug|Any CPU.Build.0 = Debug|Any CPU
		{2BF419E0-3741-4A5B-A68E-57541087C863}.Release|Any CPU.ActiveCfg = Release|Any CPU
		{2BF419E0-3741-4A5B-A68E-57541087C863}.Release|Any CPU.Build.0 = Release|Any CPU
		{78588743-0163-4E74-8340-839FB15A633C}.Debug|Any CPU.ActiveCfg = Debug|Any CPU
		{78588743-0163-4E74-8340-839FB15A633C}.Debug|Any CPU.Build.0 = Debug|Any CPU
		{78588743-0163-4E74-8340-839FB15A633C}.Release|Any CPU.ActiveCfg = Release|Any CPU
		{78588743-0163-4E74-8340-839FB15A633C}.Release|Any CPU.Build.0 = Release|Any CPU
		{B891BB33-AECE-4C97-9DE5-426F45D30315}.Debug|Any CPU.ActiveCfg = Debug|Any CPU
		{B891BB33-AECE-4C97-9DE5-426F45D30315}.Debug|Any CPU.Build.0 = Debug|Any CPU
		{B891BB33-AECE-4C97-9DE5-426F45D30315}.Release|Any CPU.ActiveCfg = Release|Any CPU
		{B891BB33-AECE-4C97-9DE5-426F45D30315}.Release|Any CPU.Build.0 = Release|Any CPU
		{F78ED0AE-9EF4-410B-83C8-0FA686D25460}.Debug|Any CPU.ActiveCfg = Debug|Any CPU
		{F78ED0AE-9EF4-410B-83C8-0FA686D25460}.Debug|Any CPU.Build.0 = Debug|Any CPU
		{F78ED0AE-9EF4-410B-83C8-0FA686D25460}.Release|Any CPU.ActiveCfg = Release|Any CPU
		{F78ED0AE-9EF4-410B-83C8-0FA686D25460}.Release|Any CPU.Build.0 = Release|Any CPU
	EndGlobalSection
EndGlobal
